{
  "requires": true,
  "lockfileVersion": 1,
  "dependencies": {
    "vue": {
      "version": "2.6.14",
      "resolved": "https://registry.npmjs.org/vue/-/vue-2.6.14.tgz",
      "integrity": "sha512-x2284lgYvjOMj3Za7kqzRcUSxBboHqtgRE2zlos1qWaOye5yUmHn42LB1250NJBLRwEcdrB0JRwyPTEPhfQjiQ=="
    },
    "vuejs-smart-table": {
      "version": "0.0.8",
      "resolved": "https://registry.npmjs.org/vuejs-smart-table/-/vuejs-smart-table-0.0.8.tgz",
      "integrity": "sha512-NVCI2P6zGhrIjuQyHAvLxSOiGiFbfNjhlg39wljovYOKDIo62rTwtkO/TPGf9HE1RQUaXjmxUjQ26SS5v6zh3Q==",
      "requires": {
        "vue": "^2.5.17"
      }
    }
  }
}
